{
  "name": "practice_room",
  "version": "0.1.0",
  "lockfileVersion": 2,
  "requires": true,
  "packages": {
    "": {
      "name": "practice_room",
      "version": "0.1.0",
      "dependencies": {
        "@hotwired/stimulus": "^3.0.1",
        "@hotwired/turbo-rails": "^7.0.1",
        "@mdi/font": "^6.5.95",
        "@rails/actioncable": "^7.0.0-alpha2",
        "@rails/activestorage": "^7.0.0-alpha2",
        "@rails/ujs": "^7.0.0-alpha2",
        "chart.js": "^3.8.0",
        "esbuild": "^0.13.12",
        "remarkable": "^2.0.1",
        "stimulus": "^2.0.0"
      }
    },
    "node_modules/@hotwired/stimulus": {
      "version": "3.0.1",
      "resolved": "https://registry.npmjs.org/@hotwired/stimulus/-/stimulus-3.0.1.tgz",
      "integrity": "sha512-oHsJhgY2cip+K2ED7vKUNd2P+BEswVhrCYcJ802DSsblJFv7mPFVk3cQKvm2vHgHeDVdnj7oOKrBbzp1u8D+KA=="
    },
    "node_modules/@hotwired/turbo": {
      "version": "7.1.0",
      "resolved": "https://registry.npmjs.org/@hotwired/turbo/-/turbo-7.1.0.tgz",
      "integrity": "sha512-Q8kGjqwPqER+CtpQudbH+3Zgs2X4zb6pBAlr6NsKTXadg45pAOvxI9i4QpuHbwSzR2+x87HUm+rot9F/Pe8rxA=="
    },
    "node_modules/@hotwired/turbo-rails": {
      "version": "7.1.1",
      "resolved": "https://registry.npmjs.org/@hotwired/turbo-rails/-/turbo-rails-7.1.1.tgz",
      "integrity": "sha512-ZXpxUjCfkdbuXfoGrsFK80qsVzACs8xCfie9rt2jMTSN6o1olXVA0Nrk8u02yNEwSiVJm/4QSOa8cUcMj6VQjg==",
      "dependencies": {
        "@hotwired/turbo": "^7.1.0",
        "@rails/actioncable": "^7.0"
      }
    },
    "node_modules/@hotwired/turbo-rails/node_modules/@rails/actioncable": {
      "version": "7.0.2",
      "resolved": "https://registry.npmjs.org/@rails/actioncable/-/actioncable-7.0.2.tgz",
      "integrity": "sha512-G26maXW1Kx0LxQdmNNuNjQlRO/QlXNr3QfuwKiOKb5FZQGYe2OwtHTGXBAjSoiu4dW36XYMT/+L1Wo1Yov4ZXA=="
    },
    "node_modules/@mdi/font": {
      "version": "6.5.95",
      "resolved": "https://registry.npmjs.org/@mdi/font/-/font-6.5.95.tgz",
      "integrity": "sha512-ES5rj6J39FUkHe/b3C9SJs8bqIungYhuU7rBINTBaHOv/Ce4RCb3Gw08CZVl32W33UEkgRkzyWaIedV4at+QHg=="
    },
    "node_modules/@rails/actioncable": {
      "version": "7.0.0-alpha2",
      "resolved": "https://registry.npmjs.org/@rails/actioncable/-/actioncable-7.0.0-alpha2.tgz",
      "integrity": "sha512-4+AnqL38HYQLX9YrtJiQrEIlG6YmlxxJQd8NqkKDys/pCWaXV8FqK7PFbU8nkEfUxx8kkH/VDALFKPsV9R4xCA=="
    },
    "node_modules/@rails/activestorage": {
      "version": "7.0.0-alpha2",
      "resolved": "https://registry.npmjs.org/@rails/activestorage/-/activestorage-7.0.0-alpha2.tgz",
      "integrity": "sha512-Sjvz6gy+j7thFfDDJ1kIIycJmC1nHtc4+tc5CZeg8B0d7YmzqusDIUILXqGanx2Z3BbeqqrEC2FvTmFFwYw80g==",
      "dependencies": {
        "spark-md5": "^3.0.1"
      }
    },
    "node_modules/@rails/ujs": {
      "version": "7.0.0-alpha2",
      "resolved": "https://registry.npmjs.org/@rails/ujs/-/ujs-7.0.0-alpha2.tgz",
      "integrity": "sha512-kETfrqDAxWFjt7WS5nf8/Bw9xC+XLys1FtogSWzbDiJdsTeaY084W77RW0dr6b3q8Wi6vVAbeFpU9tzE4Th0cw=="
    },
    "node_modules/@stimulus/core": {
      "version": "2.0.0",
      "resolved": "https://registry.npmjs.org/@stimulus/core/-/core-2.0.0.tgz",
      "integrity": "sha512-ff70GafKtzc8zQ1/cG+UvL06GcifPWovf2wBEdjLMh9xO2GOYURO3y2RYgzIGYUIBefQwyfX2CLfJdZFJrEPTw==",
      "dependencies": {
        "@stimulus/mutation-observers": "^2.0.0"
      }
    },
    "node_modules/@stimulus/multimap": {
      "version": "2.0.0",
      "resolved": "https://registry.npmjs.org/@stimulus/multimap/-/multimap-2.0.0.tgz",
      "integrity": "sha512-pMBCewkZCFVB3e5mEMoyO9+9aKzHDITmf3OnPun51YWxlcPdHcwbjqm1ylK63fsoduIE+RowBpFwFqd3poEz4w=="
    },
    "node_modules/@stimulus/mutation-observers": {
      "version": "2.0.0",
      "resolved": "https://registry.npmjs.org/@stimulus/mutation-observers/-/mutation-observers-2.0.0.tgz",
      "integrity": "sha512-kx4VAJdPhIGBQKGIoUDC2tupEKorG3A+ckc2b1UiwInKTMAC1axOHU8ebcwhaJIxRqIrs8//4SJo9YAAOx6FEg==",
      "dependencies": {
        "@stimulus/multimap": "^2.0.0"
      }
    },
    "node_modules/@stimulus/webpack-helpers": {
      "version": "2.0.0",
      "resolved": "https://registry.npmjs.org/@stimulus/webpack-helpers/-/webpack-helpers-2.0.0.tgz",
      "integrity": "sha512-D6tJWsAC024MwGEIKlUVYU8Ln87mlrmiwHvYAjipg+s8H4eLxUMQ3PZkWyPevfipH+oR3leuHsjYsK1gN5ViQA=="
    },
    "node_modules/argparse": {
      "version": "1.0.10",
      "resolved": "https://registry.npmjs.org/argparse/-/argparse-1.0.10.tgz",
      "integrity": "sha512-o5Roy6tNG4SL/FOkCAN6RzjiakZS25RLYFrcMttJqbdd8BWrnA+fGz57iN5Pb06pvBGvl5gQ0B48dJlslXvoTg==",
      "dependencies": {
        "sprintf-js": "~1.0.2"
      }
    },
    "node_modules/autolinker": {
      "version": "3.14.3",
      "resolved": "https://registry.npmjs.org/autolinker/-/autolinker-3.14.3.tgz",
      "integrity": "sha512-t81i2bCpS+s+5FIhatoww9DmpjhbdiimuU9ATEuLxtZMQ7jLv9fyFn7SWNG8IkEfD4AmYyirL1ss9k1aqVWRvg==",
      "dependencies": {
        "tslib": "^1.9.3"
      }
    },
    "node_modules/chart.js": {
      "version": "3.8.0",
      "resolved": "https://registry.npmjs.org/chart.js/-/chart.js-3.8.0.tgz",
      "integrity": "sha512-cr8xhrXjLIXVLOBZPkBZVF6NDeiVIrPLHcMhnON7UufudL+CNeRrD+wpYanswlm8NpudMdrt3CHoLMQMxJhHRg=="
    },
    "node_modules/esbuild": {
      "version": "0.13.12",
      "resolved": "https://registry.npmjs.org/esbuild/-/esbuild-0.13.12.tgz",
      "integrity": "sha512-vTKKUt+yoz61U/BbrnmlG9XIjwpdIxmHB8DlPR0AAW6OdS+nBQBci6LUHU2q9WbBobMEIQxxDpKbkmOGYvxsow==",
      "hasInstallScript": true,
      "bin": {
        "esbuild": "bin/esbuild"
      },
      "optionalDependencies": {
        "esbuild-android-arm64": "0.13.12",
        "esbuild-darwin-64": "0.13.12",
        "esbuild-darwin-arm64": "0.13.12",
        "esbuild-freebsd-64": "0.13.12",
        "esbuild-freebsd-arm64": "0.13.12",
        "esbuild-linux-32": "0.13.12",
        "esbuild-linux-64": "0.13.12",
        "esbuild-linux-arm": "0.13.12",
        "esbuild-linux-arm64": "0.13.12",
        "esbuild-linux-mips64le": "0.13.12",
        "esbuild-linux-ppc64le": "0.13.12",
        "esbuild-netbsd-64": "0.13.12",
        "esbuild-openbsd-64": "0.13.12",
        "esbuild-sunos-64": "0.13.12",
        "esbuild-windows-32": "0.13.12",
        "esbuild-windows-64": "0.13.12",
        "esbuild-windows-arm64": "0.13.12"
      }
    },
    "node_modules/esbuild-android-arm64": {
      "version": "0.13.12",
      "resolved": "https://registry.npmjs.org/esbuild-android-arm64/-/esbuild-android-arm64-0.13.12.tgz",
      "integrity": "sha512-TSVZVrb4EIXz6KaYjXfTzPyyRpXV5zgYIADXtQsIenjZ78myvDGaPi11o4ZSaHIwFHsuwkB6ne5SZRBwAQ7maw==",
      "cpu": [
        "arm64"
      ],
      "optional": true,
      "os": [
        "android"
      ]
    },
    "node_modules/esbuild-darwin-64": {
      "version": "0.13.12",
      "resolved": "https://registry.npmjs.org/esbuild-darwin-64/-/esbuild-darwin-64-0.13.12.tgz",
      "integrity": "sha512-c51C+N+UHySoV2lgfWSwwmlnLnL0JWj/LzuZt9Ltk9ub1s2Y8cr6SQV5W3mqVH1egUceew6KZ8GyI4nwu+fhsw==",
      "cpu": [
        "x64"
      ],
      "optional": true,
      "os": [
        "darwin"
      ]
    },
    "node_modules/esbuild-darwin-arm64": {
      "version": "0.13.12",
      "resolved": "https://registry.npmjs.org/esbuild-darwin-arm64/-/esbuild-darwin-arm64-0.13.12.tgz",
      "integrity": "sha512-JvAMtshP45Hd8A8wOzjkY1xAnTKTYuP/QUaKp5eUQGX+76GIie3fCdUUr2ZEKdvpSImNqxiZSIMziEiGB5oUmQ==",
      "cpu": [
        "arm64"
      ],
      "optional": true,
      "os": [
        "darwin"
      ]
    },
    "node_modules/esbuild-freebsd-64": {
      "version": "0.13.12",
      "resolved": "https://registry.npmjs.org/esbuild-freebsd-64/-/esbuild-freebsd-64-0.13.12.tgz",
      "integrity": "sha512-r6On/Skv9f0ZjTu6PW5o7pdXr8aOgtFOEURJZYf1XAJs0IQ+gW+o1DzXjVkIoT+n1cm3N/t1KRJfX71MPg/ZUA==",
      "cpu": [
        "x64"
      ],
      "optional": true,
      "os": [
        "freebsd"
      ]
    },
    "node_modules/esbuild-freebsd-arm64": {
      "version": "0.13.12",
      "resolved": "https://registry.npmjs.org/esbuild-freebsd-arm64/-/esbuild-freebsd-arm64-0.13.12.tgz",
      "integrity": "sha512-F6LmI2Q1gii073kmBE3NOTt/6zLL5zvZsxNLF8PMAwdHc+iBhD1vzfI8uQZMJA1IgXa3ocr3L3DJH9fLGXy6Yw==",
      "cpu": [
        "arm64"
      ],
      "optional": true,
      "os": [
        "freebsd"
      ]
    },
    "node_modules/esbuild-linux-32": {
      "version": "0.13.12",
      "resolved": "https://registry.npmjs.org/esbuild-linux-32/-/esbuild-linux-32-0.13.12.tgz",
      "integrity": "sha512-U1UZwG3UIwF7/V4tCVAo/nkBV9ag5KJiJTt+gaCmLVWH3bPLX7y+fNlhIWZy8raTMnXhMKfaTvWZ9TtmXzvkuQ==",
      "cpu": [
        "ia32"
      ],
      "optional": true,
      "os": [
        "linux"
      ]
    },
    "node_modules/esbuild-linux-64": {
      "version": "0.13.12",
      "resolved": "https://registry.npmjs.org/esbuild-linux-64/-/esbuild-linux-64-0.13.12.tgz",
      "integrity": "sha512-YpXSwtu2NxN3N4ifJxEdsgd6Q5d8LYqskrAwjmoCT6yQnEHJSF5uWcxv783HWN7lnGpJi9KUtDvYsnMdyGw71Q==",
      "cpu": [
        "x64"
      ],
      "optional": true,
      "os": [
        "linux"
      ]
    },
    "node_modules/esbuild-linux-arm": {
      "version": "0.13.12",
      "resolved": "https://registry.npmjs.org/esbuild-linux-arm/-/esbuild-linux-arm-0.13.12.tgz",
      "integrity": "sha512-SyiT/JKxU6J+DY2qUiSLZJqCAftIt3uoGejZ0HDnUM2MGJqEGSGh7p1ecVL2gna3PxS4P+j6WAehCwgkBPXNIw==",
      "cpu": [
        "arm"
      ],
      "optional": true,
      "os": [
        "linux"
      ]
    },
    "node_modules/esbuild-linux-arm64": {
      "version": "0.13.12",
      "resolved": "https://registry.npmjs.org/esbuild-linux-arm64/-/esbuild-linux-arm64-0.13.12.tgz",
      "integrity": "sha512-sgDNb8kb3BVodtAlcFGgwk+43KFCYjnFOaOfJibXnnIojNWuJHpL6aQJ4mumzNWw8Rt1xEtDQyuGK9f+Y24jGA==",
      "cpu": [
        "arm64"
      ],
      "optional": true,
      "os": [
        "linux"
      ]
    },
    "node_modules/esbuild-linux-mips64le": {
      "version": "0.13.12",
      "resolved": "https://registry.npmjs.org/esbuild-linux-mips64le/-/esbuild-linux-mips64le-0.13.12.tgz",
      "integrity": "sha512-qQJHlZBG+QwVIA8AbTEtbvF084QgDi4DaUsUnA+EolY1bxrG+UyOuGflM2ZritGhfS/k7THFjJbjH2wIeoKA2g==",
      "cpu": [
        "mips64el"
      ],
      "optional": true,
      "os": [
        "linux"
      ]
    },
    "node_modules/esbuild-linux-ppc64le": {
      "version": "0.13.12",
      "resolved": "https://registry.npmjs.org/esbuild-linux-ppc64le/-/esbuild-linux-ppc64le-0.13.12.tgz",
      "integrity": "sha512-2dSnm1ldL7Lppwlo04CGQUpwNn5hGqXI38OzaoPOkRsBRWFBozyGxTFSee/zHFS+Pdh3b28JJbRK3owrrRgWNw==",
      "cpu": [
        "ppc64"
      ],
      "optional": true,
      "os": [
        "linux"
      ]
    },
    "node_modules/esbuild-netbsd-64": {
      "version": "0.13.12",
      "resolved": "https://registry.npmjs.org/esbuild-netbsd-64/-/esbuild-netbsd-64-0.13.12.tgz",
      "integrity": "sha512-D4raxr02dcRiQNbxOLzpqBzcJNFAdsDNxjUbKkDMZBkL54Z0vZh4LRndycdZAMcIdizC/l/Yp/ZsBdAFxc5nbA==",
      "cpu": [
        "x64"
      ],
      "optional": true,
      "os": [
        "netbsd"
      ]
    },
    "node_modules/esbuild-openbsd-64": {
      "version": "0.13.12",
      "resolved": "https://registry.npmjs.org/esbuild-openbsd-64/-/esbuild-openbsd-64-0.13.12.tgz",
      "integrity": "sha512-KuLCmYMb2kh05QuPJ+va60bKIH5wHL8ypDkmpy47lzwmdxNsuySeCMHuTv5o2Af1RUn5KLO5ZxaZeq4GEY7DaQ==",
      "cpu": [
        "x64"
      ],
      "optional": true,
      "os": [
        "openbsd"
      ]
    },
    "node_modules/esbuild-sunos-64": {
      "version": "0.13.12",
      "resolved": "https://registry.npmjs.org/esbuild-sunos-64/-/esbuild-sunos-64-0.13.12.tgz",
      "integrity": "sha512-jBsF+e0woK3miKI8ufGWKG3o3rY9DpHvCVRn5eburMIIE+2c+y3IZ1srsthKyKI6kkXLvV4Cf/E7w56kLipMXw==",
      "cpu": [
        "x64"
      ],
      "optional": true,
      "os": [
        "sunos"
      ]
    },
    "node_modules/esbuild-windows-32": {
      "version": "0.13.12",
      "resolved": "https://registry.npmjs.org/esbuild-windows-32/-/esbuild-windows-32-0.13.12.tgz",
      "integrity": "sha512-L9m4lLFQrFeR7F+eLZXG82SbXZfUhyfu6CexZEil6vm+lc7GDCE0Q8DiNutkpzjv1+RAbIGVva9muItQ7HVTkQ==",
      "cpu": [
        "ia32"
      ],
      "optional": true,
      "os": [
        "win32"
      ]
    },
    "node_modules/esbuild-windows-64": {
      "version": "0.13.12",
      "resolved": "https://registry.npmjs.org/esbuild-windows-64/-/esbuild-windows-64-0.13.12.tgz",
      "integrity": "sha512-k4tX4uJlSbSkfs78W5d9+I9gpd+7N95W7H2bgOMFPsYREVJs31+Q2gLLHlsnlY95zBoPQMIzHooUIsixQIBjaQ==",
      "cpu": [
        "x64"
      ],
      "optional": true,
      "os": [
        "win32"
      ]
    },
    "node_modules/esbuild-windows-arm64": {
      "version": "0.13.12",
      "resolved": "https://registry.npmjs.org/esbuild-windows-arm64/-/esbuild-windows-arm64-0.13.12.tgz",
      "integrity": "sha512-2tTv/BpYRIvuwHpp2M960nG7uvL+d78LFW/ikPItO+2GfK51CswIKSetSpDii+cjz8e9iSPgs+BU4o8nWICBwQ==",
      "cpu": [
        "arm64"
      ],
      "optional": true,
      "os": [
        "win32"
      ]
    },
    "node_modules/remarkable": {
      "version": "2.0.1",
      "resolved": "https://registry.npmjs.org/remarkable/-/remarkable-2.0.1.tgz",
      "integrity": "sha512-YJyMcOH5lrR+kZdmB0aJJ4+93bEojRZ1HGDn9Eagu6ibg7aVZhc3OWbbShRid+Q5eAfsEqWxpe+g5W5nYNfNiA==",
      "dependencies": {
        "argparse": "^1.0.10",
        "autolinker": "^3.11.0"
      },
      "bin": {
        "remarkable": "bin/remarkable.js"
      },
      "engines": {
        "node": ">= 6.0.0"
      }
    },
    "node_modules/spark-md5": {
      "version": "3.0.2",
      "resolved": "https://registry.npmjs.org/spark-md5/-/spark-md5-3.0.2.tgz",
      "integrity": "sha512-wcFzz9cDfbuqe0FZzfi2or1sgyIrsDwmPwfZC4hiNidPdPINjeUwNfv5kldczoEAcjl9Y1L3SM7Uz2PUEQzxQw=="
    },
    "node_modules/sprintf-js": {
      "version": "1.0.3",
      "resolved": "https://registry.npmjs.org/sprintf-js/-/sprintf-js-1.0.3.tgz",
      "integrity": "sha1-BOaSb2YolTVPPdAVIDYzuFcpfiw="
    },
    "node_modules/stimulus": {
      "version": "2.0.0",
      "resolved": "https://registry.npmjs.org/stimulus/-/stimulus-2.0.0.tgz",
      "integrity": "sha512-xipy7BS5TVpg4fX6S8LhrYZp7cmHGjmk09WSAiVx1gF5S5g43IWsuetfUhIk8HfHUG+4MQ9nY0FQz4dRFLs/8w==",
      "dependencies": {
        "@stimulus/core": "^2.0.0",
        "@stimulus/webpack-helpers": "^2.0.0"
      }
    },
    "node_modules/tslib": {
      "version": "1.14.1",
      "resolved": "https://registry.npmjs.org/tslib/-/tslib-1.14.1.tgz",
      "integrity": "sha512-Xni35NKzjgMrwevysHTCArtLDpPvye8zV/0E4EyYn43P7/7qvQwPh9BGkHewbMulVntbigmcT7rdX3BNo9wRJg=="
    }
  },
  "dependencies": {
    "@hotwired/stimulus": {
      "version": "3.0.1",
      "resolved": "https://registry.npmjs.org/@hotwired/stimulus/-/stimulus-3.0.1.tgz",
      "integrity": "sha512-oHsJhgY2cip+K2ED7vKUNd2P+BEswVhrCYcJ802DSsblJFv7mPFVk3cQKvm2vHgHeDVdnj7oOKrBbzp1u8D+KA=="
    },
    "@hotwired/turbo": {
      "version": "7.1.0",
      "resolved": "https://registry.npmjs.org/@hotwired/turbo/-/turbo-7.1.0.tgz",
      "integrity": "sha512-Q8kGjqwPqER+CtpQudbH+3Zgs2X4zb6pBAlr6NsKTXadg45pAOvxI9i4QpuHbwSzR2+x87HUm+rot9F/Pe8rxA=="
    },
    "@hotwired/turbo-rails": {
      "version": "7.1.1",
      "resolved": "https://registry.npmjs.org/@hotwired/turbo-rails/-/turbo-rails-7.1.1.tgz",
      "integrity": "sha512-ZXpxUjCfkdbuXfoGrsFK80qsVzACs8xCfie9rt2jMTSN6o1olXVA0Nrk8u02yNEwSiVJm/4QSOa8cUcMj6VQjg==",
      "requires": {
        "@hotwired/turbo": "^7.1.0",
        "@rails/actioncable": "^7.0"
      },
      "dependencies": {
        "@rails/actioncable": {
          "version": "7.0.2",
          "resolved": "https://registry.npmjs.org/@rails/actioncable/-/actioncable-7.0.2.tgz",
          "integrity": "sha512-G26maXW1Kx0LxQdmNNuNjQlRO/QlXNr3QfuwKiOKb5FZQGYe2OwtHTGXBAjSoiu4dW36XYMT/+L1Wo1Yov4ZXA=="
        }
      }
    },
    "@mdi/font": {
      "version": "6.5.95",
      "resolved": "https://registry.npmjs.org/@mdi/font/-/font-6.5.95.tgz",
      "integrity": "sha512-ES5rj6J39FUkHe/b3C9SJs8bqIungYhuU7rBINTBaHOv/Ce4RCb3Gw08CZVl32W33UEkgRkzyWaIedV4at+QHg=="
    },
    "@rails/actioncable": {
      "version": "7.0.0-alpha2",
      "resolved": "https://registry.npmjs.org/@rails/actioncable/-/actioncable-7.0.0-alpha2.tgz",
      "integrity": "sha512-4+AnqL38HYQLX9YrtJiQrEIlG6YmlxxJQd8NqkKDys/pCWaXV8FqK7PFbU8nkEfUxx8kkH/VDALFKPsV9R4xCA=="
    },
    "@rails/activestorage": {
      "version": "7.0.0-alpha2",
      "resolved": "https://registry.npmjs.org/@rails/activestorage/-/activestorage-7.0.0-alpha2.tgz",
      "integrity": "sha512-Sjvz6gy+j7thFfDDJ1kIIycJmC1nHtc4+tc5CZeg8B0d7YmzqusDIUILXqGanx2Z3BbeqqrEC2FvTmFFwYw80g==",
      "requires": {
        "spark-md5": "^3.0.1"
      }
    },
    "@rails/ujs": {
      "version": "7.0.0-alpha2",
      "resolved": "https://registry.npmjs.org/@rails/ujs/-/ujs-7.0.0-alpha2.tgz",
      "integrity": "sha512-kETfrqDAxWFjt7WS5nf8/Bw9xC+XLys1FtogSWzbDiJdsTeaY084W77RW0dr6b3q8Wi6vVAbeFpU9tzE4Th0cw=="
    },
    "@stimulus/core": {
      "version": "2.0.0",
      "resolved": "https://registry.npmjs.org/@stimulus/core/-/core-2.0.0.tgz",
      "integrity": "sha512-ff70GafKtzc8zQ1/cG+UvL06GcifPWovf2wBEdjLMh9xO2GOYURO3y2RYgzIGYUIBefQwyfX2CLfJdZFJrEPTw==",
      "requires": {
        "@stimulus/mutation-observers": "^2.0.0"
      }
    },
    "@stimulus/multimap": {
      "version": "2.0.0",
      "resolved": "https://registry.npmjs.org/@stimulus/multimap/-/multimap-2.0.0.tgz",
      "integrity": "sha512-pMBCewkZCFVB3e5mEMoyO9+9aKzHDITmf3OnPun51YWxlcPdHcwbjqm1ylK63fsoduIE+RowBpFwFqd3poEz4w=="
    },
    "@stimulus/mutation-observers": {
      "version": "2.0.0",
      "resolved": "https://registry.npmjs.org/@stimulus/mutation-observers/-/mutation-observers-2.0.0.tgz",
      "integrity": "sha512-kx4VAJdPhIGBQKGIoUDC2tupEKorG3A+ckc2b1UiwInKTMAC1axOHU8ebcwhaJIxRqIrs8//4SJo9YAAOx6FEg==",
      "requires": {
        "@stimulus/multimap": "^2.0.0"
      }
    },
    "@stimulus/webpack-helpers": {
      "version": "2.0.0",
      "resolved": "https://registry.npmjs.org/@stimulus/webpack-helpers/-/webpack-helpers-2.0.0.tgz",
      "integrity": "sha512-D6tJWsAC024MwGEIKlUVYU8Ln87mlrmiwHvYAjipg+s8H4eLxUMQ3PZkWyPevfipH+oR3leuHsjYsK1gN5ViQA=="
    },
    "argparse": {
      "version": "1.0.10",
      "resolved": "https://registry.npmjs.org/argparse/-/argparse-1.0.10.tgz",
      "integrity": "sha512-o5Roy6tNG4SL/FOkCAN6RzjiakZS25RLYFrcMttJqbdd8BWrnA+fGz57iN5Pb06pvBGvl5gQ0B48dJlslXvoTg==",
      "requires": {
        "sprintf-js": "~1.0.2"
      }
    },
    "autolinker": {
      "version": "3.14.3",
      "resolved": "https://registry.npmjs.org/autolinker/-/autolinker-3.14.3.tgz",
      "integrity": "sha512-t81i2bCpS+s+5FIhatoww9DmpjhbdiimuU9ATEuLxtZMQ7jLv9fyFn7SWNG8IkEfD4AmYyirL1ss9k1aqVWRvg==",
      "requires": {
        "tslib": "^1.9.3"
      }
    },
    "chart.js": {
      "version": "3.8.0",
      "resolved": "https://registry.npmjs.org/chart.js/-/chart.js-3.8.0.tgz",
      "integrity": "sha512-cr8xhrXjLIXVLOBZPkBZVF6NDeiVIrPLHcMhnON7UufudL+CNeRrD+wpYanswlm8NpudMdrt3CHoLMQMxJhHRg=="
    },
    "esbuild": {
      "version": "0.13.12",
      "resolved": "https://registry.npmjs.org/esbuild/-/esbuild-0.13.12.tgz",
      "integrity": "sha512-vTKKUt+yoz61U/BbrnmlG9XIjwpdIxmHB8DlPR0AAW6OdS+nBQBci6LUHU2q9WbBobMEIQxxDpKbkmOGYvxsow==",
      "requires": {
        "esbuild-android-arm64": "0.13.12",
        "esbuild-darwin-64": "0.13.12",
        "esbuild-darwin-arm64": "0.13.12",
        "esbuild-freebsd-64": "0.13.12",
        "esbuild-freebsd-arm64": "0.13.12",
        "esbuild-linux-32": "0.13.12",
        "esbuild-linux-64": "0.13.12",
        "esbuild-linux-arm": "0.13.12",
        "esbuild-linux-arm64": "0.13.12",
        "esbuild-linux-mips64le": "0.13.12",
        "esbuild-linux-ppc64le": "0.13.12",
        "esbuild-netbsd-64": "0.13.12",
        "esbuild-openbsd-64": "0.13.12",
        "esbuild-sunos-64": "0.13.12",
        "esbuild-windows-32": "0.13.12",
        "esbuild-windows-64": "0.13.12",
        "esbuild-windows-arm64": "0.13.12"
      }
    },
    "esbuild-android-arm64": {
      "version": "0.13.12",
      "resolved": "https://registry.npmjs.org/esbuild-android-arm64/-/esbuild-android-arm64-0.13.12.tgz",
      "integrity": "sha512-TSVZVrb4EIXz6KaYjXfTzPyyRpXV5zgYIADXtQsIenjZ78myvDGaPi11o4ZSaHIwFHsuwkB6ne5SZRBwAQ7maw==",
      "optional": true
    },
    "esbuild-darwin-64": {
      "version": "0.13.12",
      "resolved": "https://registry.npmjs.org/esbuild-darwin-64/-/esbuild-darwin-64-0.13.12.tgz",
      "integrity": "sha512-c51C+N+UHySoV2lgfWSwwmlnLnL0JWj/LzuZt9Ltk9ub1s2Y8cr6SQV5W3mqVH1egUceew6KZ8GyI4nwu+fhsw==",
      "optional": true
    },
    "esbuild-darwin-arm64": {
      "version": "0.13.12",
      "resolved": "https://registry.npmjs.org/esbuild-darwin-arm64/-/esbuild-darwin-arm64-0.13.12.tgz",
      "integrity": "sha512-JvAMtshP45Hd8A8wOzjkY1xAnTKTYuP/QUaKp5eUQGX+76GIie3fCdUUr2ZEKdvpSImNqxiZSIMziEiGB5oUmQ==",
      "optional": true
    },
    "esbuild-freebsd-64": {
      "version": "0.13.12",
      "resolved": "https://registry.npmjs.org/esbuild-freebsd-64/-/esbuild-freebsd-64-0.13.12.tgz",
      "integrity": "sha512-r6On/Skv9f0ZjTu6PW5o7pdXr8aOgtFOEURJZYf1XAJs0IQ+gW+o1DzXjVkIoT+n1cm3N/t1KRJfX71MPg/ZUA==",
      "optional": true
    },
    "esbuild-freebsd-arm64": {
      "version": "0.13.12",
      "resolved": "https://registry.npmjs.org/esbuild-freebsd-arm64/-/esbuild-freebsd-arm64-0.13.12.tgz",
      "integrity": "sha512-F6LmI2Q1gii073kmBE3NOTt/6zLL5zvZsxNLF8PMAwdHc+iBhD1vzfI8uQZMJA1IgXa3ocr3L3DJH9fLGXy6Yw==",
      "optional": true
    },
    "esbuild-linux-32": {
      "version": "0.13.12",
      "resolved": "https://registry.npmjs.org/esbuild-linux-32/-/esbuild-linux-32-0.13.12.tgz",
      "integrity": "sha512-U1UZwG3UIwF7/V4tCVAo/nkBV9ag5KJiJTt+gaCmLVWH3bPLX7y+fNlhIWZy8raTMnXhMKfaTvWZ9TtmXzvkuQ==",
      "optional": true
    },
    "esbuild-linux-64": {
      "version": "0.13.12",
      "resolved": "https://registry.npmjs.org/esbuild-linux-64/-/esbuild-linux-64-0.13.12.tgz",
      "integrity": "sha512-YpXSwtu2NxN3N4ifJxEdsgd6Q5d8LYqskrAwjmoCT6yQnEHJSF5uWcxv783HWN7lnGpJi9KUtDvYsnMdyGw71Q==",
      "optional": true
    },
    "esbuild-linux-arm": {
      "version": "0.13.12",
      "resolved": "https://registry.npmjs.org/esbuild-linux-arm/-/esbuild-linux-arm-0.13.12.tgz",
      "integrity": "sha512-SyiT/JKxU6J+DY2qUiSLZJqCAftIt3uoGejZ0HDnUM2MGJqEGSGh7p1ecVL2gna3PxS4P+j6WAehCwgkBPXNIw==",
      "optional": true
    },
    "esbuild-linux-arm64": {
      "version": "0.13.12",
      "resolved": "https://registry.npmjs.org/esbuild-linux-arm64/-/esbuild-linux-arm64-0.13.12.tgz",
      "integrity": "sha512-sgDNb8kb3BVodtAlcFGgwk+43KFCYjnFOaOfJibXnnIojNWuJHpL6aQJ4mumzNWw8Rt1xEtDQyuGK9f+Y24jGA==",
      "optional": true
    },
    "esbuild-linux-mips64le": {
      "version": "0.13.12",
      "resolved": "https://registry.npmjs.org/esbuild-linux-mips64le/-/esbuild-linux-mips64le-0.13.12.tgz",
      "integrity": "sha512-qQJHlZBG+QwVIA8AbTEtbvF084QgDi4DaUsUnA+EolY1bxrG+UyOuGflM2ZritGhfS/k7THFjJbjH2wIeoKA2g==",
      "optional": true
    },
    "esbuild-linux-ppc64le": {
      "version": "0.13.12",
      "resolved": "https://registry.npmjs.org/esbuild-linux-ppc64le/-/esbuild-linux-ppc64le-0.13.12.tgz",
      "integrity": "sha512-2dSnm1ldL7Lppwlo04CGQUpwNn5hGqXI38OzaoPOkRsBRWFBozyGxTFSee/zHFS+Pdh3b28JJbRK3owrrRgWNw==",
      "optional": true
    },
    "esbuild-netbsd-64": {
      "version": "0.13.12",
      "resolved": "https://registry.npmjs.org/esbuild-netbsd-64/-/esbuild-netbsd-64-0.13.12.tgz",
      "integrity": "sha512-D4raxr02dcRiQNbxOLzpqBzcJNFAdsDNxjUbKkDMZBkL54Z0vZh4LRndycdZAMcIdizC/l/Yp/ZsBdAFxc5nbA==",
      "optional": true
    },
    "esbuild-openbsd-64": {
      "version": "0.13.12",
      "resolved": "https://registry.npmjs.org/esbuild-openbsd-64/-/esbuild-openbsd-64-0.13.12.tgz",
      "integrity": "sha512-KuLCmYMb2kh05QuPJ+va60bKIH5wHL8ypDkmpy47lzwmdxNsuySeCMHuTv5o2Af1RUn5KLO5ZxaZeq4GEY7DaQ==",
      "optional": true
    },
    "esbuild-sunos-64": {
      "version": "0.13.12",
      "resolved": "https://registry.npmjs.org/esbuild-sunos-64/-/esbuild-sunos-64-0.13.12.tgz",
      "integrity": "sha512-jBsF+e0woK3miKI8ufGWKG3o3rY9DpHvCVRn5eburMIIE+2c+y3IZ1srsthKyKI6kkXLvV4Cf/E7w56kLipMXw==",
      "optional": true
    },
    "esbuild-windows-32": {
      "version": "0.13.12",
      "resolved": "https://registry.npmjs.org/esbuild-windows-32/-/esbuild-windows-32-0.13.12.tgz",
      "integrity": "sha512-L9m4lLFQrFeR7F+eLZXG82SbXZfUhyfu6CexZEil6vm+lc7GDCE0Q8DiNutkpzjv1+RAbIGVva9muItQ7HVTkQ==",
      "optional": true
    },
    "esbuild-windows-64": {
      "version": "0.13.12",
      "resolved": "https://registry.npmjs.org/esbuild-windows-64/-/esbuild-windows-64-0.13.12.tgz",
      "integrity": "sha512-k4tX4uJlSbSkfs78W5d9+I9gpd+7N95W7H2bgOMFPsYREVJs31+Q2gLLHlsnlY95zBoPQMIzHooUIsixQIBjaQ==",
      "optional": true
    },
    "esbuild-windows-arm64": {
      "version": "0.13.12",
      "resolved": "https://registry.npmjs.org/esbuild-windows-arm64/-/esbuild-windows-arm64-0.13.12.tgz",
      "integrity": "sha512-2tTv/BpYRIvuwHpp2M960nG7uvL+d78LFW/ikPItO+2GfK51CswIKSetSpDii+cjz8e9iSPgs+BU4o8nWICBwQ==",
      "optional": true
    },
    "remarkable": {
      "version": "2.0.1",
      "resolved": "https://registry.npmjs.org/remarkable/-/remarkable-2.0.1.tgz",
      "integrity": "sha512-YJyMcOH5lrR+kZdmB0aJJ4+93bEojRZ1HGDn9Eagu6ibg7aVZhc3OWbbShRid+Q5eAfsEqWxpe+g5W5nYNfNiA==",
      "requires": {
        "argparse": "^1.0.10",
        "autolinker": "^3.11.0"
      }
    },
    "spark-md5": {
      "version": "3.0.2",
      "resolved": "https://registry.npmjs.org/spark-md5/-/spark-md5-3.0.2.tgz",
      "integrity": "sha512-wcFzz9cDfbuqe0FZzfi2or1sgyIrsDwmPwfZC4hiNidPdPINjeUwNfv5kldczoEAcjl9Y1L3SM7Uz2PUEQzxQw=="
    },
    "sprintf-js": {
      "version": "1.0.3",
      "resolved": "https://registry.npmjs.org/sprintf-js/-/sprintf-js-1.0.3.tgz",
      "integrity": "sha1-BOaSb2YolTVPPdAVIDYzuFcpfiw="
    },
    "stimulus": {
      "version": "2.0.0",
      "resolved": "https://registry.npmjs.org/stimulus/-/stimulus-2.0.0.tgz",
      "integrity": "sha512-xipy7BS5TVpg4fX6S8LhrYZp7cmHGjmk09WSAiVx1gF5S5g43IWsuetfUhIk8HfHUG+4MQ9nY0FQz4dRFLs/8w==",
      "requires": {
        "@stimulus/core": "^2.0.0",
        "@stimulus/webpack-helpers": "^2.0.0"
      }
    },
    "tslib": {
      "version": "1.14.1",
      "resolved": "https://registry.npmjs.org/tslib/-/tslib-1.14.1.tgz",
      "integrity": "sha512-Xni35NKzjgMrwevysHTCArtLDpPvye8zV/0E4EyYn43P7/7qvQwPh9BGkHewbMulVntbigmcT7rdX3BNo9wRJg=="
    }
  }
}
